{
  "object": {
    "pins": [
      {
        "package": "Idioms",
        "repositoryURL": "https://github.com/hectr/swift-idioms.git",
        "state": {
          "branch": null,
          "revision": "9118b63b3ce636e1108e8902bcfa017b7c68565d",
          "version": "1.7.0"
        }
      }
    ]
  },
  "version": 1
}
